
Microsoft Visual Studio Solution File, Format Version 12.00
# Visual Studio Version 17
VisualStudioVersion = 17.8.34322.80
MinimumVisualStudioVersion = 10.0.40219.1
Project("{FAE04EC0-301F-11D3-BF4B-00C04F79EFBC}") = "SistemaVenta.Entity", "SistemaVenta.Entity\SistemaVenta.Entity.csproj", "{F68DD83D-3568-4994-A742-4552126ED534}"
EndProject
Project("{FAE04EC0-301F-11D3-BF4B-00C04F79EFBC}") = "SistemaVenta.DAL", "SistemaVenta.DAL\SistemaVenta.DAL.csproj", "{B88730C6-C353-4373-A7F8-F4C015E4B9DB}"
EndProject
Project("{FAE04EC0-301F-11D3-BF4B-00C04F79EFBC}") = "SistemaVenta.BLL", "SistemaVenta.BLL\SistemaVenta.BLL.csproj", "{AFA15EEC-8E57-4E73-94FC-305C270F9D2A}"
EndProject
Project("{FAE04EC0-301F-11D3-BF4B-00C04F79EFBC}") = "SistemaVenta.IOC", "SistemaVenta.IOC\SistemaVenta.IOC.csproj", "{C9C99C6E-E60C-4CC7-B407-FD5682E0E3AA}"
EndProject
Project("{FAE04EC0-301F-11D3-BF4B-00C04F79EFBC}") = "SistemaVentaAplicacionWeb", "SistemaVentaAplicacionWeb\SistemaVentaAplicacionWeb.csproj", "{F057A6E3-A767-429F-8C1D-A51170E73367}"
EndProject
Global
	GlobalSection(SolutionConfigurationPlatforms) = preSolution
		Debug|Any CPU = Debug|Any CPU
		Release|Any CPU = Release|Any CPU
	EndGlobalSection
	GlobalSection(ProjectConfigurationPlatforms) = postSolution
		{F68DD83D-3568-4994-A742-4552126ED534}.Debug|Any CPU.ActiveCfg = Debug|Any CPU
		{F68DD83D-3568-4994-A742-4552126ED534}.Debug|Any CPU.Build.0 = Debug|Any CPU
		{F68DD83D-3568-4994-A742-4552126ED534}.Release|Any CPU.ActiveCfg = Release|Any CPU
		{F68DD83D-3568-4994-A742-4552126ED534}.Release|Any CPU.Build.0 = Release|Any CPU
		{B88730C6-C353-4373-A7F8-F4C015E4B9DB}.Debug|Any CPU.ActiveCfg = Debug|Any CPU
		{B88730C6-C353-4373-A7F8-F4C015E4B9DB}.Debug|Any CPU.Build.0 = Debug|Any CPU
		{B88730C6-C353-4373-A7F8-F4C015E4B9DB}.Release|Any CPU.ActiveCfg = Release|Any CPU
		{B88730C6-C353-4373-A7F8-F4C015E4B9DB}.Release|Any CPU.Build.0 = Release|Any CPU
		{AFA15EEC-8E57-4E73-94FC-305C270F9D2A}.Debug|Any CPU.ActiveCfg = Debug|Any CPU
		{AFA15EEC-8E57-4E73-94FC-305C270F9D2A}.Debug|Any CPU.Build.0 = Debug|Any CPU
		{AFA15EEC-8E57-4E73-94FC-305C270F9D2A}.Release|Any CPU.ActiveCfg = Release|Any CPU
		{AFA15EEC-8E57-4E73-94FC-305C270F9D2A}.Release|Any CPU.Build.0 = Release|Any CPU
		{C9C99C6E-E60C-4CC7-B407-FD5682E0E3AA}.Debug|Any CPU.ActiveCfg = Debug|Any CPU
		{C9C99C6E-E60C-4CC7-B407-FD5682E0E3AA}.Debug|Any CPU.Build.0 = Debug|Any CPU
		{C9C99C6E-E60C-4CC7-B407-FD5682E0E3AA}.Release|Any CPU.ActiveCfg = Release|Any CPU
		{C9C99C6E-E60C-4CC7-B407-FD5682E0E3AA}.Release|Any CPU.Build.0 = Release|Any CPU
		{F057A6E3-A767-429F-8C1D-A51170E73367}.Debug|Any CPU.ActiveCfg = Debug|Any CPU
		{F057A6E3-A767-429F-8C1D-A51170E73367}.Debug|Any CPU.Build.0 = Debug|Any CPU
		{F057A6E3-A767-429F-8C1D-A51170E73367}.Release|Any CPU.ActiveCfg = Release|Any CPU
		{F057A6E3-A767-429F-8C1D-A51170E73367}.Release|Any CPU.Build.0 = Release|Any CPU
	EndGlobalSection
	GlobalSection(SolutionProperties) = preSolution
		HideSolutionNode = FALSE
	EndGlobalSection
	GlobalSection(ExtensibilityGlobals) = postSolution
		SolutionGuid = {57804312-B768-4039-8A27-AEFF8E2B3D6D}
	EndGlobalSection
EndGlobal
